// !$*UTF8*$!
{
	archiveVersion = 1;
	classes = {
	};
	objectVersion = 50;
	objects = {

/* Begin PBXBuildFile section */
		10D0CDA08F892323D7E2A17B /* Pods_iOSContact.framework in Frameworks */ = {isa = PBXBuildFile; fileRef = 879E3C514E6DABD1CFE209D0 /* Pods_iOSContact.framework */; };
		2601BF0421432F96000DD557 /* ContactsDetail.swift in Sources */ = {isa = PBXBuildFile; fileRef = 2601BF0321432F96000DD557 /* ContactsDetail.swift */; };
		2674C5512140AAA400B085C6 /* ContactsCell.swift in Sources */ = {isa = PBXBuildFile; fileRef = 2674C5502140AAA400B085C6 /* ContactsCell.swift */; };
		269FB39E2143815200C7AACE /* Extension.swift in Sources */ = {isa = PBXBuildFile; fileRef = 269FB39D2143815200C7AACE /* Extension.swift */; };
		269FB3A021439C0700C7AACE /* StackButtonView.swift in Sources */ = {isa = PBXBuildFile; fileRef = 269FB39F21439C0700C7AACE /* StackButtonView.swift */; };
		26A015DF21448EFD00918D6A /* ContactsHeaderDetail.swift in Sources */ = {isa = PBXBuildFile; fileRef = 26A015DE21448EFD00918D6A /* ContactsHeaderDetail.swift */; };
		26A015E22144C13700918D6A /* ContactMD.xcdatamodeld in Sources */ = {isa = PBXBuildFile; fileRef = 26A015E02144C13700918D6A /* ContactMD.xcdatamodeld */; };
		26A015E42144C2E400918D6A /* CoreDataManager.swift in Sources */ = {isa = PBXBuildFile; fileRef = 26A015E32144C2E400918D6A /* CoreDataManager.swift */; };
		26A015E62144C83100918D6A /* CreateContactController.swift in Sources */ = {isa = PBXBuildFile; fileRef = 26A015E52144C83100918D6A /* CreateContactController.swift */; };
		26A015E82144DA8F00918D6A /* Service.swift in Sources */ = {isa = PBXBuildFile; fileRef = 26A015E72144DA8F00918D6A /* Service.swift */; };
		26B99240213F8B990004A4B4 /* AppDelegate.swift in Sources */ = {isa = PBXBuildFile; fileRef = 26B9923F213F8B990004A4B4 /* AppDelegate.swift */; };
		26B99242213F8B990004A4B4 /* ContactsController.swift in Sources */ = {isa = PBXBuildFile; fileRef = 26B99241213F8B990004A4B4 /* ContactsController.swift */; };
		26B99245213F8B990004A4B4 /* Main.storyboard in Resources */ = {isa = PBXBuildFile; fileRef = 26B99243213F8B990004A4B4 /* Main.storyboard */; };
		26B99247213F8B9A0004A4B4 /* Assets.xcassets in Resources */ = {isa = PBXBuildFile; fileRef = 26B99246213F8B9A0004A4B4 /* Assets.xcassets */; };
		26B9924A213F8B9A0004A4B4 /* LaunchScreen.storyboard in Resources */ = {isa = PBXBuildFile; fileRef = 26B99248213F8B9A0004A4B4 /* LaunchScreen.storyboard */; };
/* End PBXBuildFile section */

/* Begin PBXFileReference section */
		2601BF0321432F96000DD557 /* ContactsDetail.swift */ = {isa = PBXFileReference; lastKnownFileType = sourcecode.swift; path = ContactsDetail.swift; sourceTree = "<group>"; };
		2674C5502140AAA400B085C6 /* ContactsCell.swift */ = {isa = PBXFileReference; lastKnownFileType = sourcecode.swift; path = ContactsCell.swift; sourceTree = "<group>"; };
		269FB39D2143815200C7AACE /* Extension.swift */ = {isa = PBXFileReference; lastKnownFileType = sourcecode.swift; path = Extension.swift; sourceTree = "<group>"; };
		269FB39F21439C0700C7AACE /* StackButtonView.swift */ = {isa = PBXFileReference; lastKnownFileType = sourcecode.swift; path = StackButtonView.swift; sourceTree = "<group>"; };
		26A015DE21448EFD00918D6A /* ContactsHeaderDetail.swift */ = {isa = PBXFileReference; lastKnownFileType = sourcecode.swift; path = ContactsHeaderDetail.swift; sourceTree = "<group>"; };
		26A015E12144C13700918D6A /* ContactMD.xcdatamodel */ = {isa = PBXFileReference; lastKnownFileType = wrapper.xcdatamodel; path = ContactMD.xcdatamodel; sourceTree = "<group>"; };
		26A015E32144C2E400918D6A /* CoreDataManager.swift */ = {isa = PBXFileReference; lastKnownFileType = sourcecode.swift; path = CoreDataManager.swift; sourceTree = "<group>"; };
		26A015E52144C83100918D6A /* CreateContactController.swift */ = {isa = PBXFileReference; lastKnownFileType = sourcecode.swift; path = CreateContactController.swift; sourceTree = "<group>"; };
		26A015E72144DA8F00918D6A /* Service.swift */ = {isa = PBXFileReference; lastKnownFileType = sourcecode.swift; path = Service.swift; sourceTree = "<group>"; };
		26B9923C213F8B990004A4B4 /* iOSContact.app */ = {isa = PBXFileReference; explicitFileType = wrapper.application; includeInIndex = 0; path = iOSContact.app; sourceTree = BUILT_PRODUCTS_DIR; };
		26B9923F213F8B990004A4B4 /* AppDelegate.swift */ = {isa = PBXFileReference; lastKnownFileType = sourcecode.swift; path = AppDelegate.swift; sourceTree = "<group>"; };
		26B99241213F8B990004A4B4 /* ContactsController.swift */ = {isa = PBXFileReference; lastKnownFileType = sourcecode.swift; path = ContactsController.swift; sourceTree = "<group>"; };
		26B99244213F8B990004A4B4 /* Base */ = {isa = PBXFileReference; lastKnownFileType = file.storyboard; name = Base; path = Base.lproj/Main.storyboard; sourceTree = "<group>"; };
		26B99246213F8B9A0004A4B4 /* Assets.xcassets */ = {isa = PBXFileReference; lastKnownFileType = folder.assetcatalog; path = Assets.xcassets; sourceTree = "<group>"; };
		26B99249213F8B9A0004A4B4 /* Base */ = {isa = PBXFileReference; lastKnownFileType = file.storyboard; name = Base; path = Base.lproj/LaunchScreen.storyboard; sourceTree = "<group>"; };
		26B9924B213F8B9A0004A4B4 /* Info.plist */ = {isa = PBXFileReference; lastKnownFileType = text.plist.xml; path = Info.plist; sourceTree = "<group>"; };
		3F0528B72C582A5E7E65EE91 /* Pods-iOSContact.release.xcconfig */ = {isa = PBXFileReference; includeInIndex = 1; lastKnownFileType = text.xcconfig; name = "Pods-iOSContact.release.xcconfig"; path = "Pods/Target Support Files/Pods-iOSContact/Pods-iOSContact.release.xcconfig"; sourceTree = "<group>"; };
		57B663C78E6DB0B18B62E48D /* Pods-iOSContact.debug.xcconfig */ = {isa = PBXFileReference; includeInIndex = 1; lastKnownFileType = text.xcconfig; name = "Pods-iOSContact.debug.xcconfig"; path = "Pods/Target Support Files/Pods-iOSContact/Pods-iOSContact.debug.xcconfig"; sourceTree = "<group>"; };
		879E3C514E6DABD1CFE209D0 /* Pods_iOSContact.framework */ = {isa = PBXFileReference; explicitFileType = wrapper.framework; includeInIndex = 0; path = Pods_iOSContact.framework; sourceTree = BUILT_PRODUCTS_DIR; };
/* End PBXFileReference section */

/* Begin PBXFrameworksBuildPhase section */
		26B99239213F8B990004A4B4 /* Frameworks */ = {
			isa = PBXFrameworksBuildPhase;
			buildActionMask = 2147483647;
			files = (
				10D0CDA08F892323D7E2A17B /* Pods_iOSContact.framework in Frameworks */,
			);
			runOnlyForDeploymentPostprocessing = 0;
		};
/* End PBXFrameworksBuildPhase section */

/* Begin PBXGroup section */
		268BF1842145F25D00AC0C1D /* Contact */ = {
			isa = PBXGroup;
			children = (
				2601BF0321432F96000DD557 /* ContactsDetail.swift */,
				26A015DE21448EFD00918D6A /* ContactsHeaderDetail.swift */,
				2674C5502140AAA400B085C6 /* ContactsCell.swift */,
				26B99241213F8B990004A4B4 /* ContactsController.swift */,
				26A015E52144C83100918D6A /* CreateContactController.swift */,
			);
			path = Contact;
			sourceTree = "<group>";
		};
		26B99233213F8B990004A4B4 = {
			isa = PBXGroup;
			children = (
				26B9923E213F8B990004A4B4 /* iOSContact */,
				26B9923D213F8B990004A4B4 /* Products */,
				47460045B04ED994FEAFD3A0 /* Pods */,
				5A6029EDABAC659D0CC69BB3 /* Frameworks */,
			);
			sourceTree = "<group>";
		};
		26B9923D213F8B990004A4B4 /* Products */ = {
			isa = PBXGroup;
			children = (
				26B9923C213F8B990004A4B4 /* iOSContact.app */,
			);
			name = Products;
			sourceTree = "<group>";
		};
		26B9923E213F8B990004A4B4 /* iOSContact */ = {
			isa = PBXGroup;
			children = (
				26B9923F213F8B990004A4B4 /* AppDelegate.swift */,
				268BF1842145F25D00AC0C1D /* Contact */,
				26A015E32144C2E400918D6A /* CoreDataManager.swift */,
				26A015E72144DA8F00918D6A /* Service.swift */,
				26B99243213F8B990004A4B4 /* Main.storyboard */,
				26B99246213F8B9A0004A4B4 /* Assets.xcassets */,
				269FB39D2143815200C7AACE /* Extension.swift */,
				269FB39F21439C0700C7AACE /* StackButtonView.swift */,
				26B99248213F8B9A0004A4B4 /* LaunchScreen.storyboard */,
				26A015E02144C13700918D6A /* ContactMD.xcdatamodeld */,
				26B9924B213F8B9A0004A4B4 /* Info.plist */,
			);
			path = iOSContact;
			sourceTree = "<group>";
		};
		47460045B04ED994FEAFD3A0 /* Pods */ = {
			isa = PBXGroup;
			children = (
				57B663C78E6DB0B18B62E48D /* Pods-iOSContact.debug.xcconfig */,
				3F0528B72C582A5E7E65EE91 /* Pods-iOSContact.release.xcconfig */,
			);
			name = Pods;
			sourceTree = "<group>";
		};
		5A6029EDABAC659D0CC69BB3 /* Frameworks */ = {
			isa = PBXGroup;
			children = (
				879E3C514E6DABD1CFE209D0 /* Pods_iOSContact.framework */,
			);
			name = Frameworks;
			sourceTree = "<group>";
		};
/* End PBXGroup section */

/* Begin PBXNativeTarget section */
		26B9923B213F8B990004A4B4 /* iOSContact */ = {
			isa = PBXNativeTarget;
			buildConfigurationList = 26B9924E213F8B9A0004A4B4 /* Build configuration list for PBXNativeTarget "iOSContact" */;
			buildPhases = (
				A9B5514EEF9166E8D630406E /* [CP] Check Pods Manifest.lock */,
				26B99238213F8B990004A4B4 /* Sources */,
				26B99239213F8B990004A4B4 /* Frameworks */,
				26B9923A213F8B990004A4B4 /* Resources */,
				36A5085ED476720EC4E915D8 /* [CP] Embed Pods Frameworks */,
			);
			buildRules = (
			);
			dependencies = (
			);
			name = iOSContact;
			productName = iOSContact;
			productReference = 26B9923C213F8B990004A4B4 /* iOSContact.app */;
			productType = "com.apple.product-type.application";
		};
/* End PBXNativeTarget section */

/* Begin PBXProject section */
		26B99234213F8B990004A4B4 /* Project object */ = {
			isa = PBXProject;
			attributes = {
				LastSwiftUpdateCheck = 0940;
				LastUpgradeCheck = 0940;
				ORGANIZATIONNAME = "Muhammad Noor";
				TargetAttributes = {
					26B9923B213F8B990004A4B4 = {
						CreatedOnToolsVersion = 9.4.1;
					};
				};
			};
			buildConfigurationList = 26B99237213F8B990004A4B4 /* Build configuration list for PBXProject "iOSContact" */;
			compatibilityVersion = "Xcode 9.3";
			developmentRegion = en;
			hasScannedForEncodings = 0;
			knownRegions = (
				en,
				Base,
			);
			mainGroup = 26B99233213F8B990004A4B4;
			productRefGroup = 26B9923D213F8B990004A4B4 /* Products */;
			projectDirPath = "";
			projectRoot = "";
			targets = (
				26B9923B213F8B990004A4B4 /* iOSContact */,
			);
		};
/* End PBXProject section */

/* Begin PBXResourcesBuildPhase section */
		26B9923A213F8B990004A4B4 /* Resources */ = {
			isa = PBXResourcesBuildPhase;
			buildActionMask = 2147483647;
			files = (
				26B9924A213F8B9A0004A4B4 /* LaunchScreen.storyboard in Resources */,
				26B99247213F8B9A0004A4B4 /* Assets.xcassets in Resources */,
				26B99245213F8B990004A4B4 /* Main.storyboard in Resources */,
			);
			runOnlyForDeploymentPostprocessing = 0;
		};
/* End PBXResourcesBuildPhase section */

/* Begin PBXShellScriptBuildPhase section */
		36A5085ED476720EC4E915D8 /* [CP] Embed Pods Frameworks */ = {
			isa = PBXShellScriptBuildPhase;
			buildActionMask = 2147483647;
			files = (
			);
			inputPaths = (
				"${SRCROOT}/Pods/Target Support Files/Pods-iOSContact/Pods-iOSContact-frameworks.sh",
				"${BUILT_PRODUCTS_DIR}/Alamofire/Alamofire.framework",
			);
			name = "[CP] Embed Pods Frameworks";
			outputPaths = (
				"${TARGET_BUILD_DIR}/${FRAMEWORKS_FOLDER_PATH}/Alamofire.framework",
			);
			runOnlyForDeploymentPostprocessing = 0;
			shellPath = /bin/sh;
			shellScript = "\"${SRCROOT}/Pods/Target Support Files/Pods-iOSContact/Pods-iOSContact-frameworks.sh\"\n";
			showEnvVarsInLog = 0;
		};
		A9B5514EEF9166E8D630406E /* [CP] Check Pods Manifest.lock */ = {
			isa = PBXShellScriptBuildPhase;
			buildActionMask = 2147483647;
			files = (
			);
			inputPaths = (
				"${PODS_PODFILE_DIR_PATH}/Podfile.lock",
				"${PODS_ROOT}/Manifest.lock",
			);
			name = "[CP] Check Pods Manifest.lock";
			outputPaths = (
				"$(DERIVED_FILE_DIR)/Pods-iOSContact-checkManifestLockResult.txt",
			);
			runOnlyForDeploymentPostprocessing = 0;
			shellPath = /bin/sh;
			shellScript = "diff \"${PODS_PODFILE_DIR_PATH}/Podfile.lock\" \"${PODS_ROOT}/Manifest.lock\" > /dev/null\nif [ $? != 0 ] ; then\n    # print error to STDERR\n    echo \"error: The sandbox is not in sync with the Podfile.lock. Run 'pod install' or update your CocoaPods installation.\" >&2\n    exit 1\nfi\n# This output is used by Xcode 'outputs' to avoid re-running this script phase.\necho \"SUCCESS\" > \"${SCRIPT_OUTPUT_FILE_0}\"\n";
			showEnvVarsInLog = 0;
		};
/* End PBXShellScriptBuildPhase section */

/* Begin PBXSourcesBuildPhase section */
		26B99238213F8B990004A4B4 /* Sources */ = {
			isa = PBXSourcesBuildPhase;
			buildActionMask = 2147483647;
			files = (
				26B99242213F8B990004A4B4 /* ContactsController.swift in Sources */,
				26A015E82144DA8F00918D6A /* Service.swift in Sources */,
				269FB39E2143815200C7AACE /* Extension.swift in Sources */,
				26A015E22144C13700918D6A /* ContactMD.xcdatamodeld in Sources */,
				26A015E62144C83100918D6A /* CreateContactController.swift in Sources */,
				2601BF0421432F96000DD557 /* ContactsDetail.swift in Sources */,
				26B99240213F8B990004A4B4 /* AppDelegate.swift in Sources */,
				269FB3A021439C0700C7AACE /* StackButtonView.swift in Sources */,
				26A015DF21448EFD00918D6A /* ContactsHeaderDetail.swift in Sources */,
				2674C5512140AAA400B085C6 /* ContactsCell.swift in Sources */,
				26A015E42144C2E400918D6A /* CoreDataManager.swift in Sources */,
			);
			runOnlyForDeploymentPostprocessing = 0;
		};
/* End PBXSourcesBuildPhase section */

/* Begin PBXVariantGroup section */
		26B99243213F8B990004A4B4 /* Main.storyboard */ = {
			isa = PBXVariantGroup;
			children = (
				26B99244213F8B990004A4B4 /* Base */,
			);
			name = Main.storyboard;
			sourceTree = "<group>";
		};
		26B99248213F8B9A0004A4B4 /* LaunchScreen.storyboard */ = {
			isa = PBXVariantGroup;
			children = (
				26B99249213F8B9A0004A4B4 /* Base */,
			);
			name = LaunchScreen.storyboard;
			sourceTree = "<group>";
		};
/* End PBXVariantGroup section */

/* Begin XCBuildConfiguration section */
		26B9924C213F8B9A0004A4B4 /* Debug */ = {
			isa = XCBuildConfiguration;
			buildSettings = {
				ALWAYS_SEARCH_USER_PATHS = NO;
				CLANG_ANALYZER_NONNULL = YES;
				CLANG_ANALYZER_NUMBER_OBJECT_CONVERSION = YES_AGGRESSIVE;
				CLANG_CXX_LANGUAGE_STANDARD = "gnu++14";
				CLANG_CXX_LIBRARY = "libc++";
				CLANG_ENABLE_MODULES = YES;
				CLANG_ENABLE_OBJC_ARC = YES;
				CLANG_ENABLE_OBJC_WEAK = YES;
				CLANG_WARN_BLOCK_CAPTURE_AUTORELEASING = YES;
				CLANG_WARN_BOOL_CONVERSION = YES;
				CLANG_WARN_COMMA = YES;
				CLANG_WARN_CONSTANT_CONVERSION = YES;
				CLANG_WARN_DEPRECATED_OBJC_IMPLEMENTATIONS = YES;
				CLANG_WARN_DIRECT_OBJC_ISA_USAGE = YES_ERROR;
				CLANG_WARN_DOCUMENTATION_COMMENTS = YES;
				CLANG_WARN_EMPTY_BODY = YES;
				CLANG_WARN_ENUM_CONVERSION = YES;
				CLANG_WARN_INFINITE_RECURSION = YES;
				CLANG_WARN_INT_CONVERSION = YES;
				CLANG_WARN_NON_LITERAL_NULL_CONVERSION = YES;
				CLANG_WARN_OBJC_IMPLICIT_RETAIN_SELF = YES;
				CLANG_WARN_OBJC_LITERAL_CONVERSION = YES;
				CLANG_WARN_OBJC_ROOT_CLASS = YES_ERROR;
				CLANG_WARN_RANGE_LOOP_ANALYSIS = YES;
				CLANG_WARN_STRICT_PROTOTYPES = YES;
				CLANG_WARN_SUSPICIOUS_MOVE = YES;
				CLANG_WARN_UNGUARDED_AVAILABILITY = YES_AGGRESSIVE;
				CLANG_WARN_UNREACHABLE_CODE = YES;
				CLANG_WARN__DUPLICATE_METHOD_MATCH = YES;
				CODE_SIGN_IDENTITY = "iPhone Developer";
				COPY_PHASE_STRIP = NO;
				DEBUG_INFORMATION_FORMAT = dwarf;
				ENABLE_STRICT_OBJC_MSGSEND = YES;
				ENABLE_TESTABILITY = YES;
				GCC_C_LANGUAGE_STANDARD = gnu11;
				GCC_DYNAMIC_NO_PIC = NO;
				GCC_NO_COMMON_BLOCKS = YES;
				GCC_OPTIMIZATION_LEVEL = 0;
				GCC_PREPROCESSOR_DEFINITIONS = (
					"DEBUG=1",
					"$(inherited)",
				);
				GCC_WARN_64_TO_32_BIT_CONVERSION = YES;
				GCC_WARN_ABOUT_RETURN_TYPE = YES_ERROR;
				GCC_WARN_UNDECLARED_SELECTOR = YES;
				GCC_WARN_UNINITIALIZED_AUTOS = YES_AGGRESSIVE;
				GCC_WARN_UNUSED_FUNCTION = YES;
				GCC_WARN_UNUSED_VARIABLE = YES;
				IPHONEOS_DEPLOYMENT_TARGET = 11.4;
				MTL_ENABLE_DEBUG_INFO = YES;
				ONLY_ACTIVE_ARCH = YES;
				SDKROOT = iphoneos;
				SWIFT_ACTIVE_COMPILATION_CONDITIONS = DEBUG;
				SWIFT_OPTIMIZATION_LEVEL = "-Onone";
			};
			name = Debug;
		};
		26B9924D213F8B9A0004A4B4 /* Release */ = {
			isa = XCBuildConfiguration;
			buildSettings = {
				ALWAYS_SEARCH_USER_PATHS = NO;
				CLANG_ANALYZER_NONNULL = YES;
				CLANG_ANALYZER_NUMBER_OBJECT_CONVERSION = YES_AGGRESSIVE;
				CLANG_CXX_LANGUAGE_STANDARD = "gnu++14";
				CLANG_CXX_LIBRARY = "libc++";
				CLANG_ENABLE_MODULES = YES;
				CLANG_ENABLE_OBJC_ARC = YES;
				CLANG_ENABLE_OBJC_WEAK = YES;
				CLANG_WARN_BLOCK_CAPTURE_AUTORELEASING = YES;
				CLANG_WARN_BOOL_CONVERSION = YES;
				CLANG_WARN_COMMA = YES;
				CLANG_WARN_CONSTANT_CONVERSION = YES;
				CLANG_WARN_DEPRECATED_OBJC_IMPLEMENTATIONS = YES;
				CLANG_WARN_DIRECT_OBJC_ISA_USAGE = YES_ERROR;
				CLANG_WARN_DOCUMENTATION_COMMENTS = YES;
				CLANG_WARN_EMPTY_BODY = YES;
				CLANG_WARN_ENUM_CONVERSION = YES;
				CLANG_WARN_INFINITE_RECURSION = YES;
				CLANG_WARN_INT_CONVERSION = YES;
				CLANG_WARN_NON_LITERAL_NULL_CONVERSION = YES;
				CLANG_WARN_OBJC_IMPLICIT_RETAIN_SELF = YES;
				CLANG_WARN_OBJC_LITERAL_CONVERSION = YES;
				CLANG_WARN_OBJC_ROOT_CLASS = YES_ERROR;
				CLANG_WARN_RANGE_LOOP_ANALYSIS = YES;
				CLANG_WARN_STRICT_PROTOTYPES = YES;
				CLANG_WARN_SUSPICIOUS_MOVE = YES;
				CLANG_WARN_UNGUARDED_AVAILABILITY = YES_AGGRESSIVE;
				CLANG_WARN_UNREACHABLE_CODE = YES;
				CLANG_WARN__DUPLICATE_METHOD_MATCH = YES;
				CODE_SIGN_IDENTITY = "iPhone Developer";
				COPY_PHASE_STRIP = NO;
				DEBUG_INFORMATION_FORMAT = "dwarf-with-dsym";
				ENABLE_NS_ASSERTIONS = NO;
				ENABLE_STRICT_OBJC_MSGSEND = YES;
				GCC_C_LANGUAGE_STANDARD = gnu11;
				GCC_NO_COMMON_BLOCKS = YES;
				GCC_WARN_64_TO_32_BIT_CONVERSION = YES;
				GCC_WARN_ABOUT_RETURN_TYPE = YES_ERROR;
				GCC_WARN_UNDECLARED_SELECTOR = YES;
				GCC_WARN_UNINITIALIZED_AUTOS = YES_AGGRESSIVE;
				GCC_WARN_UNUSED_FUNCTION = YES;
				GCC_WARN_UNUSED_VARIABLE = YES;
				IPHONEOS_DEPLOYMENT_TARGET = 11.4;
				MTL_ENABLE_DEBUG_INFO = NO;
				SDKROOT = iphoneos;
				SWIFT_COMPILATION_MODE = wholemodule;
				SWIFT_OPTIMIZATION_LEVEL = "-O";
				VALIDATE_PRODUCT = YES;
			};
			name = Release;
		};
		26B9924F213F8B9A0004A4B4 /* Debug */ = {
			isa = XCBuildConfiguration;
			baseConfigurationReference = 57B663C78E6DB0B18B62E48D /* Pods-iOSContact.debug.xcconfig */;
			buildSettings = {
				ASSETCATALOG_COMPILER_APPICON_NAME = AppIcon;
				CODE_SIGN_STYLE = Automatic;
				DEVELOPMENT_TEAM = 9338Z8FQLT;
				INFOPLIST_FILE = iOSContact/Info.plist;
				LD_RUNPATH_SEARCH_PATHS = "$(inherited) @executable_path/Frameworks";
				PRODUCT_BUNDLE_IDENTIFIER = com.codelatos.noor.iOSContact;
				PRODUCT_NAME = "$(TARGET_NAME)";
				SWIFT_VERSION = 4.0;
				TARGETED_DEVICE_FAMILY = "1,2";
			};
			name = Debug;
		};
		26B99250213F8B9A0004A4B4 /* Release */ = {
			isa = XCBuildConfiguration;
			baseConfigurationReference = 3F0528B72C582A5E7E65EE91 /* Pods-iOSContact.release.xcconfig */;
			buildSettings = {
				ASSETCATALOG_COMPILER_APPICON_NAME = AppIcon;
				CODE_SIGN_STYLE = Automatic;
				DEVELOPMENT_TEAM = 9338Z8FQLT;
				INFOPLIST_FILE = iOSContact/Info.plist;
				LD_RUNPATH_SEARCH_PATHS = "$(inherited) @executable_path/Frameworks";
				PRODUCT_BUNDLE_IDENTIFIER = com.codelatos.noor.iOSContact;
				PRODUCT_NAME = "$(TARGET_NAME)";
				SWIFT_VERSION = 4.0;
				TARGETED_DEVICE_FAMILY = "1,2";
			};
			name = Release;
		};
/* End XCBuildConfiguration section */

/* Begin XCConfigurationList section */
		26B99237213F8B990004A4B4 /* Build configuration list for PBXProject "iOSContact" */ = {
			isa = XCConfigurationList;
			buildConfigurations = (
				26B9924C213F8B9A0004A4B4 /* Debug */,
				26B9924D213F8B9A0004A4B4 /* Release */,
			);
			defaultConfigurationIsVisible = 0;
			defaultConfigurationName = Release;
		};
		26B9924E213F8B9A0004A4B4 /* Build configuration list for PBXNativeTarget "iOSContact" */ = {
			isa = XCConfigurationList;
			buildConfigurations = (
				26B9924F213F8B9A0004A4B4 /* Debug */,
				26B99250213F8B9A0004A4B4 /* Release */,
			);
			defaultConfigurationIsVisible = 0;
			defaultConfigurationName = Release;
		};
/* End XCConfigurationList section */

/* Begin XCVersionGroup section */
		26A015E02144C13700918D6A /* ContactMD.xcdatamodeld */ = {
			isa = XCVersionGroup;
			children = (
				26A015E12144C13700918D6A /* ContactMD.xcdatamodel */,
			);
			currentVersion = 26A015E12144C13700918D6A /* ContactMD.xcdatamodel */;
			path = ContactMD.xcdatamodeld;
			sourceTree = "<group>";
			versionGroupType = wrapper.xcdatamodel;
		};
/* End XCVersionGroup section */
	};
	rootObject = 26B99234213F8B990004A4B4 /* Project object */;
}
